// !$*UTF8*$!
{
	archiveVersion = 1;
	classes = {
	};
	objectVersion = 70;
	objects = {

/* Begin PBXBuildFile section */
		A100000001000001 /* ServiceLocatorApp.swift in Sources */ = {isa = PBXBuildFile; fileRef = B100000001000001 /* ServiceLocatorApp.swift */; };
		A100000002000001 /* Service.swift in Sources */ = {isa = PBXBuildFile; fileRef = B100000002000001 /* Service.swift */; };
		A100000003000001 /* ServiceProvider.swift in Sources */ = {isa = PBXBuildFile; fileRef = B100000003000001 /* ServiceProvider.swift */; };
		A100000004000001 /* ServiceListViewModel.swift in Sources */ = {isa = PBXBuildFile; fileRef = B100000004000001 /* ServiceListViewModel.swift */; };
		A100000005000001 /* ServiceListView.swift in Sources */ = {isa = PBXBuildFile; fileRef = B100000005000001 /* ServiceListView.swift */; };
		A100000006000001 /* ServiceDetailView.swift in Sources */ = {isa = PBXBuildFile; fileRef = B100000006000001 /* ServiceDetailView.swift */; };
		A100000007000001 /* ElementUtility.swift in Sources */ = {isa = PBXBuildFile; fileRef = B100000007000001 /* ElementUtility.swift */; };
		A100000008000001 /* ServiceListScreen.swift in Sources */ = {isa = PBXBuildFile; fileRef = B100000008000001 /* ServiceListScreen.swift */; };
		A100000009000001 /* ServiceDetailScreen.swift in Sources */ = {isa = PBXBuildFile; fileRef = B100000009000001 /* ServiceDetailScreen.swift */; };
		A10000000C000001 /* LocationProvider.swift in Sources */ = {isa = PBXBuildFile; fileRef = B10000000C000001 /* LocationProvider.swift */; };
		BEF374D52F99AEC8008B41B0 /* BaseClass.swift in Sources */ = {isa = PBXBuildFile; fileRef = BEF374D42F99AEC8008B41B0 /* BaseClass.swift */; };
/* End PBXBuildFile section */

/* Begin PBXContainerItemProxy section */
		C100000001000001 /* PBXContainerItemProxy */ = {
			isa = PBXContainerItemProxy;
			containerPortal = D100000001000001 /* Project object */;
			proxyType = 1;
			remoteGlobalIDString = E100000001000001;
			remoteInfo = ServiceLocator;
		};
/* End PBXContainerItemProxy section */

/* Begin PBXFileReference section */
		B100000001000001 /* ServiceLocatorApp.swift */ = {isa = PBXFileReference; lastKnownFileType = sourcecode.swift; path = ServiceLocatorApp.swift; sourceTree = "<group>"; };
		B100000002000001 /* Service.swift */ = {isa = PBXFileReference; lastKnownFileType = sourcecode.swift; path = Service.swift; sourceTree = "<group>"; };
		B100000003000001 /* ServiceProvider.swift */ = {isa = PBXFileReference; lastKnownFileType = sourcecode.swift; path = ServiceProvider.swift; sourceTree = "<group>"; };
		B100000004000001 /* ServiceListViewModel.swift */ = {isa = PBXFileReference; lastKnownFileType = sourcecode.swift; path = ServiceListViewModel.swift; sourceTree = "<group>"; };
		B100000005000001 /* ServiceListView.swift */ = {isa = PBXFileReference; lastKnownFileType = sourcecode.swift; path = ServiceListView.swift; sourceTree = "<group>"; };
		B100000006000001 /* ServiceDetailView.swift */ = {isa = PBXFileReference; lastKnownFileType = sourcecode.swift; path = ServiceDetailView.swift; sourceTree = "<group>"; };
		B100000007000001 /* ElementUtility.swift */ = {isa = PBXFileReference; lastKnownFileType = sourcecode.swift; path = ElementUtility.swift; sourceTree = "<group>"; };
		B100000008000001 /* ServiceListScreen.swift */ = {isa = PBXFileReference; lastKnownFileType = sourcecode.swift; path = ServiceListScreen.swift; sourceTree = "<group>"; };
		B100000009000001 /* ServiceDetailScreen.swift */ = {isa = PBXFileReference; lastKnownFileType = sourcecode.swift; path = ServiceDetailScreen.swift; sourceTree = "<group>"; };
		B10000000C000001 /* LocationProvider.swift */ = {isa = PBXFileReference; lastKnownFileType = sourcecode.swift; path = LocationProvider.swift; sourceTree = "<group>"; };
		BE8AF6952F99406D0035FADB /* ServiceLocator.xctestplan */ = {isa = PBXFileReference; lastKnownFileType = text; path = ServiceLocator.xctestplan; sourceTree = "<group>"; };
		BEF374D42F99AEC8008B41B0 /* BaseClass.swift */ = {isa = PBXFileReference; lastKnownFileType = sourcecode.swift; path = BaseClass.swift; sourceTree = "<group>"; };
		F100000001000001 /* ServiceLocator.app */ = {isa = PBXFileReference; explicitFileType = wrapper.application; includeInIndex = 0; path = ServiceLocator.app; sourceTree = BUILT_PRODUCTS_DIR; };
		F100000002000001 /* ServiceLocatorUITests.xctest */ = {isa = PBXFileReference; explicitFileType = wrapper.cfbundle; includeInIndex = 0; path = ServiceLocatorUITests.xctest; sourceTree = BUILT_PRODUCTS_DIR; };
/* End PBXFileReference section */

/* Begin PBXFileSystemSynchronizedRootGroup section */
		BEAA6A712F9BA74D00344DA7 /* Tests */ = {isa = PBXFileSystemSynchronizedRootGroup; explicitFileTypes = {}; explicitFolders = (); path = Tests; sourceTree = "<group>"; };
/* End PBXFileSystemSynchronizedRootGroup section */

/* Begin PBXFrameworksBuildPhase section */
		G100000001000001 /* Frameworks */ = {
			isa = PBXFrameworksBuildPhase;
			buildActionMask = 2147483647;
			files = (
			);
			runOnlyForDeploymentPostprocessing = 0;
		};
		G100000002000001 /* Frameworks */ = {
			isa = PBXFrameworksBuildPhase;
			buildActionMask = 2147483647;
			files = (
			);
			runOnlyForDeploymentPostprocessing = 0;
		};
/* End PBXFrameworksBuildPhase section */

/* Begin PBXGroup section */
		H100000001000001 = {
			isa = PBXGroup;
			children = (
				BE8AF6952F99406D0035FADB /* ServiceLocator.xctestplan */,
				H100000002000001 /* ServiceLocator */,
				H100000003000001 /* ServiceLocatorUITests */,
				H100000004000001 /* Products */,
			);
			sourceTree = "<group>";
		};
		H100000002000001 /* ServiceLocator */ = {
			isa = PBXGroup;
			children = (
				B100000001000001 /* ServiceLocatorApp.swift */,
				H100000005000001 /* Models */,
				H100000006000001 /* ViewModels */,
				H100000007000001 /* Views */,
				H100000008000001 /* Services */,
			);
			path = ServiceLocator;
			sourceTree = "<group>";
		};
		H100000003000001 /* ServiceLocatorUITests */ = {
			isa = PBXGroup;
			children = (
				BEF374D42F99AEC8008B41B0 /* BaseClass.swift */,
				BEAA6A712F9BA74D00344DA7 /* Tests */,
				H100000009000001 /* PageObjects */,
			);
			path = ServiceLocatorUITests;
			sourceTree = "<group>";
		};
		H100000004000001 /* Products */ = {
			isa = PBXGroup;
			children = (
				F100000001000001 /* ServiceLocator.app */,
				F100000002000001 /* ServiceLocatorUITests.xctest */,
			);
			name = Products;
			sourceTree = "<group>";
		};
		H100000005000001 /* Models */ = {
			isa = PBXGroup;
			children = (
				B100000002000001 /* Service.swift */,
			);
			path = Models;
			sourceTree = "<group>";
		};
		H100000006000001 /* ViewModels */ = {
			isa = PBXGroup;
			children = (
				B100000004000001 /* ServiceListViewModel.swift */,
			);
			path = ViewModels;
			sourceTree = "<group>";
		};
		H100000007000001 /* Views */ = {
			isa = PBXGroup;
			children = (
				B100000005000001 /* ServiceListView.swift */,
				B100000006000001 /* ServiceDetailView.swift */,
			);
			path = Views;
			sourceTree = "<group>";
		};
		H100000008000001 /* Services */ = {
			isa = PBXGroup;
			children = (
				B100000003000001 /* ServiceProvider.swift */,
				B10000000C000001 /* LocationProvider.swift */,
			);
			path = Services;
			sourceTree = "<group>";
		};
		H100000009000001 /* PageObjects */ = {
			isa = PBXGroup;
			children = (
				B100000007000001 /* ElementUtility.swift */,
				B100000008000001 /* ServiceListScreen.swift */,
				B100000009000001 /* ServiceDetailScreen.swift */,
			);
			path = PageObjects;
			sourceTree = "<group>";
		};
/* End PBXGroup section */

/* Begin PBXNativeTarget section */
		E100000001000001 /* ServiceLocator */ = {
			isa = PBXNativeTarget;
			buildConfigurationList = I100000001000001 /* Build configuration list for PBXNativeTarget "ServiceLocator" */;
			buildPhases = (
				J100000001000001 /* Sources */,
				G100000001000001 /* Frameworks */,
				K100000001000001 /* Resources */,
			);
			buildRules = (
			);
			dependencies = (
			);
			name = ServiceLocator;
			productName = ServiceLocator;
			productReference = F100000001000001 /* ServiceLocator.app */;
			productType = "com.apple.product-type.application";
		};
		E100000002000001 /* ServiceLocatorUITests */ = {
			isa = PBXNativeTarget;
			buildConfigurationList = I100000002000001 /* Build configuration list for PBXNativeTarget "ServiceLocatorUITests" */;
			buildPhases = (
				J100000002000001 /* Sources */,
				G100000002000001 /* Frameworks */,
			);
			buildRules = (
			);
			dependencies = (
				L100000001000001 /* PBXTargetDependency */,
			);
			fileSystemSynchronizedGroups = (
				BEAA6A712F9BA74D00344DA7 /* Tests */,
			);
			name = ServiceLocatorUITests;
			productName = ServiceLocatorUITests;
			productReference = F100000002000001 /* ServiceLocatorUITests.xctest */;
			productType = "com.apple.product-type.bundle.ui-testing";
		};
/* End PBXNativeTarget section */

/* Begin PBXProject section */
		D100000001000001 /* Project object */ = {
			isa = PBXProject;
			attributes = {
				BuildIndependentTargetsInParallel = 1;
				LastSwiftUpdateCheck = 1500;
				LastUpgradeCheck = 1500;
				TargetAttributes = {
					E100000001000001 = {
						CreatedOnToolsVersion = 15.0;
					};
					E100000002000001 = {
						CreatedOnToolsVersion = 15.0;
						TestTargetID = E100000001000001;
					};
				};
			};
			buildConfigurationList = M100000001000001 /* Build configuration list for PBXProject "ServiceLocator" */;
			compatibilityVersion = "Xcode 14.0";
			developmentRegion = en;
			hasScannedForEncodings = 0;
			knownRegions = (
				en,
				Base,
			);
			mainGroup = H100000001000001;
			productRefGroup = H100000004000001 /* Products */;
			projectDirPath = "";
			projectRoot = "";
			targets = (
				E100000001000001 /* ServiceLocator */,
				E100000002000001 /* ServiceLocatorUITests */,
			);
		};
/* End PBXProject section */

/* Begin PBXResourcesBuildPhase section */
		K100000001000001 /* Resources */ = {
			isa = PBXResourcesBuildPhase;
			buildActionMask = 2147483647;
			files = (
			);
			runOnlyForDeploymentPostprocessing = 0;
		};
/* End PBXResourcesBuildPhase section */

/* Begin PBXSourcesBuildPhase section */
		J100000001000001 /* Sources */ = {
			isa = PBXSourcesBuildPhase;
			buildActionMask = 2147483647;
			files = (
				A100000001000001 /* ServiceLocatorApp.swift in Sources */,
				A100000002000001 /* Service.swift in Sources */,
				A100000003000001 /* ServiceProvider.swift in Sources */,
				A10000000C000001 /* LocationProvider.swift in Sources */,
				A100000004000001 /* ServiceListViewModel.swift in Sources */,
				A100000005000001 /* ServiceListView.swift in Sources */,
				A100000006000001 /* ServiceDetailView.swift in Sources */,
			);
			runOnlyForDeploymentPostprocessing = 0;
		};
		J100000002000001 /* Sources */ = {
			isa = PBXSourcesBuildPhase;
			buildActionMask = 2147483647;
			files = (
				A100000007000001 /* ElementUtility.swift in Sources */,
				A100000008000001 /* ServiceListScreen.swift in Sources */,
				BEF374D52F99AEC8008B41B0 /* BaseClass.swift in Sources */,
				A100000009000001 /* ServiceDetailScreen.swift in Sources */,
			);
			runOnlyForDeploymentPostprocessing = 0;
		};
/* End PBXSourcesBuildPhase section */

/* Begin PBXTargetDependency section */
		L100000001000001 /* PBXTargetDependency */ = {
			isa = PBXTargetDependency;
			target = E100000001000001 /* ServiceLocator */;
			targetProxy = C100000001000001 /* PBXContainerItemProxy */;
		};
/* End PBXTargetDependency section */

/* Begin XCBuildConfiguration section */
		N100000001000001 /* Debug */ = {
			isa = XCBuildConfiguration;
			buildSettings = {
				ALWAYS_SEARCH_USER_PATHS = NO;
				CLANG_ANALYZER_NONNULL = YES;
				CLANG_ANALYZER_NUMBER_OBJECT_CONVERSION = YES_AGGRESSIVE;
				CLANG_CXX_LANGUAGE_STANDARD = "gnu++20";
				CLANG_ENABLE_MODULES = YES;
				CLANG_ENABLE_OBJC_ARC = YES;
				CLANG_ENABLE_OBJC_WEAK = YES;
				COPY_PHASE_STRIP = NO;
				DEBUG_INFORMATION_FORMAT = dwarf;
				ENABLE_STRICT_OBJC_MSGSEND = YES;
				ENABLE_TESTABILITY = YES;
				GCC_C_LANGUAGE_STANDARD = gnu17;
				GCC_DYNAMIC_NO_PIC = NO;
				GCC_NO_COMMON_BLOCKS = YES;
				GCC_OPTIMIZATION_LEVEL = 0;
				GCC_PREPROCESSOR_DEFINITIONS = (
					"DEBUG=1",
					"$(inherited)",
				);
				IPHONEOS_DEPLOYMENT_TARGET = 16.0;
				MTL_ENABLE_DEBUG_INFO = INCLUDE_SOURCE;
				MTL_FAST_MATH = YES;
				ONLY_ACTIVE_ARCH = YES;
				SDKROOT = iphoneos;
				SWIFT_ACTIVE_COMPILATION_CONDITIONS = DEBUG;
				SWIFT_OPTIMIZATION_LEVEL = "-Onone";
			};
			name = Debug;
		};
		N100000002000001 /* Release */ = {
			isa = XCBuildConfiguration;
			buildSettings = {
				ALWAYS_SEARCH_USER_PATHS = NO;
				CLANG_ANALYZER_NONNULL = YES;
				CLANG_ANALYZER_NUMBER_OBJECT_CONVERSION = YES_AGGRESSIVE;
				CLANG_CXX_LANGUAGE_STANDARD = "gnu++20";
				CLANG_ENABLE_MODULES = YES;
				CLANG_ENABLE_OBJC_ARC = YES;
				CLANG_ENABLE_OBJC_WEAK = YES;
				COPY_PHASE_STRIP = NO;
				DEBUG_INFORMATION_FORMAT = "dwarf-with-dsym";
				ENABLE_NS_ASSERTIONS = NO;
				ENABLE_STRICT_OBJC_MSGSEND = YES;
				GCC_C_LANGUAGE_STANDARD = gnu17;
				GCC_NO_COMMON_BLOCKS = YES;
				IPHONEOS_DEPLOYMENT_TARGET = 16.0;
				MTL_ENABLE_DEBUG_INFO = NO;
				MTL_FAST_MATH = YES;
				SDKROOT = iphoneos;
				SWIFT_COMPILATION_MODE = wholemodule;
				VALIDATE_PRODUCT = YES;
			};
			name = Release;
		};
		N100000003000001 /* Debug */ = {
			isa = XCBuildConfiguration;
			buildSettings = {
				ASSETCATALOG_COMPILER_APPICON_NAME = AppIcon;
				ASSETCATALOG_COMPILER_GLOBAL_ACCENT_COLOR_NAME = AccentColor;
				CODE_SIGN_STYLE = Automatic;
				CURRENT_PROJECT_VERSION = 1;
				ENABLE_PREVIEWS = YES;
				GENERATE_INFOPLIST_FILE = YES;
				INFOPLIST_KEY_NSLocationWhenInUseUsageDescription = "Your location is used to show nearby services and sort results by distance. We never share your location.";
				INFOPLIST_KEY_UIApplicationSceneManifest_Generation = YES;
				INFOPLIST_KEY_UIApplicationSupportsIndirectInputEvents = YES;
				INFOPLIST_KEY_UILaunchScreen_Generation = YES;
				INFOPLIST_KEY_UISupportedInterfaceOrientations_iPad = "UIInterfaceOrientationPortrait UIInterfaceOrientationPortraitUpsideDown UIInterfaceOrientationLandscapeLeft UIInterfaceOrientationLandscapeRight";
				INFOPLIST_KEY_UISupportedInterfaceOrientations_iPhone = "UIInterfaceOrientationPortrait UIInterfaceOrientationLandscapeLeft UIInterfaceOrientationLandscapeRight";
				IPHONEOS_DEPLOYMENT_TARGET = 16.0;
				LD_RUNPATH_SEARCH_PATHS = (
					"$(inherited)",
					"@executable_path/Frameworks",
				);
				MARKETING_VERSION = 1.0;
				PRODUCT_BUNDLE_IDENTIFIER = com.example.ServiceLocator;
				PRODUCT_NAME = "$(TARGET_NAME)";
				SWIFT_EMIT_LOC_STRINGS = YES;
				SWIFT_VERSION = 5.0;
				TARGETED_DEVICE_FAMILY = "1,2";
			};
			name = Debug;
		};
		N100000004000001 /* Release */ = {
			isa = XCBuildConfiguration;
			buildSettings = {
				ASSETCATALOG_COMPILER_APPICON_NAME = AppIcon;
				ASSETCATALOG_COMPILER_GLOBAL_ACCENT_COLOR_NAME = AccentColor;
				CODE_SIGN_STYLE = Automatic;
				CURRENT_PROJECT_VERSION = 1;
				ENABLE_PREVIEWS = YES;
				GENERATE_INFOPLIST_FILE = YES;
				INFOPLIST_KEY_NSLocationWhenInUseUsageDescription = "Your location is used to show nearby services and sort results by distance. We never share your location.";
				INFOPLIST_KEY_UIApplicationSceneManifest_Generation = YES;
				INFOPLIST_KEY_UIApplicationSupportsIndirectInputEvents = YES;
				INFOPLIST_KEY_UILaunchScreen_Generation = YES;
				INFOPLIST_KEY_UISupportedInterfaceOrientations_iPad = "UIInterfaceOrientationPortrait UIInterfaceOrientationPortraitUpsideDown UIInterfaceOrientationLandscapeLeft UIInterfaceOrientationLandscapeRight";
				INFOPLIST_KEY_UISupportedInterfaceOrientations_iPhone = "UIInterfaceOrientationPortrait UIInterfaceOrientationLandscapeLeft UIInterfaceOrientationLandscapeRight";
				IPHONEOS_DEPLOYMENT_TARGET = 16.0;
				LD_RUNPATH_SEARCH_PATHS = (
					"$(inherited)",
					"@executable_path/Frameworks",
				);
				MARKETING_VERSION = 1.0;
				PRODUCT_BUNDLE_IDENTIFIER = com.example.ServiceLocator;
				PRODUCT_NAME = "$(TARGET_NAME)";
				SWIFT_EMIT_LOC_STRINGS = YES;
				SWIFT_VERSION = 5.0;
				TARGETED_DEVICE_FAMILY = "1,2";
			};
			name = Release;
		};
		N100000005000001 /* Debug */ = {
			isa = XCBuildConfiguration;
			buildSettings = {
				CODE_SIGN_STYLE = Automatic;
				CURRENT_PROJECT_VERSION = 1;
				GENERATE_INFOPLIST_FILE = YES;
				IPHONEOS_DEPLOYMENT_TARGET = 16.0;
				MARKETING_VERSION = 1.0;
				PRODUCT_BUNDLE_IDENTIFIER = com.example.ServiceLocatorUITests;
				PRODUCT_NAME = "$(TARGET_NAME)";
				SWIFT_EMIT_LOC_STRINGS = NO;
				SWIFT_VERSION = 5.0;
				TARGETED_DEVICE_FAMILY = "1,2";
				TEST_TARGET_NAME = ServiceLocator;
			};
			name = Debug;
		};
		N100000006000001 /* Release */ = {
			isa = XCBuildConfiguration;
			buildSettings = {
				CODE_SIGN_STYLE = Automatic;
				CURRENT_PROJECT_VERSION = 1;
				GENERATE_INFOPLIST_FILE = YES;
				IPHONEOS_DEPLOYMENT_TARGET = 16.0;
				MARKETING_VERSION = 1.0;
				PRODUCT_BUNDLE_IDENTIFIER = com.example.ServiceLocatorUITests;
				PRODUCT_NAME = "$(TARGET_NAME)";
				SWIFT_EMIT_LOC_STRINGS = NO;
				SWIFT_VERSION = 5.0;
				TARGETED_DEVICE_FAMILY = "1,2";
				TEST_TARGET_NAME = ServiceLocator;
			};
			name = Release;
		};
/* End XCBuildConfiguration section */

/* Begin XCConfigurationList section */
		I100000001000001 /* Build configuration list for PBXNativeTarget "ServiceLocator" */ = {
			isa = XCConfigurationList;
			buildConfigurations = (
				N100000003000001 /* Debug */,
				N100000004000001 /* Release */,
			);
			defaultConfigurationIsVisible = 0;
			defaultConfigurationName = Release;
		};
		I100000002000001 /* Build configuration list for PBXNativeTarget "ServiceLocatorUITests" */ = {
			isa = XCConfigurationList;
			buildConfigurations = (
				N100000005000001 /* Debug */,
				N100000006000001 /* Release */,
			);
			defaultConfigurationIsVisible = 0;
			defaultConfigurationName = Release;
		};
		M100000001000001 /* Build configuration list for PBXProject "ServiceLocator" */ = {
			isa = XCConfigurationList;
			buildConfigurations = (
				N100000001000001 /* Debug */,
				N100000002000001 /* Release */,
			);
			defaultConfigurationIsVisible = 0;
			defaultConfigurationName = Release;
		};
/* End XCConfigurationList section */
	};
	rootObject = D100000001000001 /* Project object */;
}
